
Microsoft Visual Studio Solution File, Format Version 12.00
# Visual Studio 15
Project("{FAE04EC0-301F-11D3-BF4B-00C04F79EFBC}") = "CarPedia.Core", "CarPedia.Core\CarPedia.Core.csproj", "{4F31F002-4A99-4815-B9E4-DE07A09C4CA8}"
EndProject
Global
	GlobalSection(SolutionConfigurationPlatforms) = preSolution
		Debug|Any CPU = Debug|Any CPU
		Release|Any CPU = Release|Any CPU
	EndGlobalSection
	GlobalSection(ProjectConfigurationPlatforms) = postSolution
		{4F31F002-4A99-4815-B9E4-DE07A09C4CA8}.Debug|Any CPU.ActiveCfg = Debug|Any CPU
		{4F31F002-4A99-4815-B9E4-DE07A09C4CA8}.Debug|Any CPU.Build.0 = Debug|Any CPU
		{4F31F002-4A99-4815-B9E4-DE07A09C4CA8}.Release|Any CPU.ActiveCfg = Release|Any CPU
		{4F31F002-4A99-4815-B9E4-DE07A09C4CA8}.Release|Any CPU.Build.0 = Release|Any CPU
	EndGlobalSection
EndGlobal
